{
  "name": "@qsalatiel/prettier-config",
  "version": "1.0.1",
  "lockfileVersion": 2,
  "requires": true,
  "packages": {
    "": {
      "name": "@qsalatiel/prettier-config",
      "version": "1.0.1",
      "license": "ISC",
      "devDependencies": {
        "@qsalatiel/prettier-config": "^1.0.3"
      }
    },
    "node_modules/@qsalatiel/prettier-config": {
      "version": "1.0.3",
      "resolved": "https://registry.npmjs.org/@qsalatiel/prettier-config/-/prettier-config-1.0.3.tgz",
      "integrity": "sha512-CBScW7f45nQFJaktl/NisII+phk3+W+2pa0bN+SkGLTx1qkxiAw0YDPmFid7TcJE7iUY7e6I6E1t/XusF/BNZw==",
      "dev": true
    }
  },
  "dependencies": {
    "@qsalatiel/prettier-config": {
      "version": "1.0.3",
      "resolved": "https://registry.npmjs.org/@qsalatiel/prettier-config/-/prettier-config-1.0.3.tgz",
      "integrity": "sha512-CBScW7f45nQFJaktl/NisII+phk3+W+2pa0bN+SkGLTx1qkxiAw0YDPmFid7TcJE7iUY7e6I6E1t/XusF/BNZw==",
      "dev": true
    }
  }
}
